
Microsoft Visual Studio Solution File, Format Version 12.00
# Visual Studio 15
VisualStudioVersion = 15.0.26730.12
MinimumVisualStudioVersion = 10.0.40219.1
Project("{FAE04EC0-301F-11D3-BF4B-00C04F79EFBC}") = "Lamarque_ciudad", "Lamarque_ciudad\Lamarque_ciudad.csproj", "{4134AD09-7726-4EB4-A30C-FD004542D7ED}"
EndProject
Global
	GlobalSection(SolutionConfigurationPlatforms) = preSolution
		Debug|Any CPU = Debug|Any CPU
		Release|Any CPU = Release|Any CPU
	EndGlobalSection
	GlobalSection(ProjectConfigurationPlatforms) = postSolution
		{4134AD09-7726-4EB4-A30C-FD004542D7ED}.Debug|Any CPU.ActiveCfg = Debug|Any CPU
		{4134AD09-7726-4EB4-A30C-FD004542D7ED}.Debug|Any CPU.Build.0 = Debug|Any CPU
		{4134AD09-7726-4EB4-A30C-FD004542D7ED}.Release|Any CPU.ActiveCfg = Release|Any CPU
		{4134AD09-7726-4EB4-A30C-FD004542D7ED}.Release|Any CPU.Build.0 = Release|Any CPU
	EndGlobalSection
	GlobalSection(SolutionProperties) = preSolution
		HideSolutionNode = FALSE
	EndGlobalSection
	GlobalSection(ExtensibilityGlobals) = postSolution
		SolutionGuid = {E64C3D45-7278-4F26-94AD-D33EA82FE841}
	EndGlobalSection
EndGlobal
