
Microsoft Visual Studio Solution File, Format Version 12.00
# Visual Studio 15
VisualStudioVersion = 15.0.26730.15
MinimumVisualStudioVersion = 10.0.40219.1
Project("{FAE04EC0-301F-11D3-BF4B-00C04F79EFBC}") = "Lamarque_web", "Lamarque_web\Lamarque_web.csproj", "{5248E81F-7799-4997-B41E-9EEB2436A7D9}"
EndProject
Global
	GlobalSection(SolutionConfigurationPlatforms) = preSolution
		Debug|Any CPU = Debug|Any CPU
		Release|Any CPU = Release|Any CPU
	EndGlobalSection
	GlobalSection(ProjectConfigurationPlatforms) = postSolution
		{5248E81F-7799-4997-B41E-9EEB2436A7D9}.Debug|Any CPU.ActiveCfg = Debug|Any CPU
		{5248E81F-7799-4997-B41E-9EEB2436A7D9}.Debug|Any CPU.Build.0 = Debug|Any CPU
		{5248E81F-7799-4997-B41E-9EEB2436A7D9}.Release|Any CPU.ActiveCfg = Release|Any CPU
		{5248E81F-7799-4997-B41E-9EEB2436A7D9}.Release|Any CPU.Build.0 = Release|Any CPU
	EndGlobalSection
	GlobalSection(SolutionProperties) = preSolution
		HideSolutionNode = FALSE
	EndGlobalSection
	GlobalSection(ExtensibilityGlobals) = postSolution
		SolutionGuid = {E98D60C5-DC89-4996-8A20-9CFC1C6F7B8B}
	EndGlobalSection
EndGlobal
