
Microsoft Visual Studio Solution File, Format Version 12.00
# Visual Studio 15
VisualStudioVersion = 15.0.26730.15
MinimumVisualStudioVersion = 10.0.40219.1
Project("{FAE04EC0-301F-11D3-BF4B-00C04F79EFBC}") = "Net", "Net\Net.csproj", "{D14FFB99-9DD9-450F-A4BA-4A43A9A964A6}"
EndProject
Global
	GlobalSection(SolutionConfigurationPlatforms) = preSolution
		Debug|Any CPU = Debug|Any CPU
		Release|Any CPU = Release|Any CPU
	EndGlobalSection
	GlobalSection(ProjectConfigurationPlatforms) = postSolution
		{D14FFB99-9DD9-450F-A4BA-4A43A9A964A6}.Debug|Any CPU.ActiveCfg = Debug|Any CPU
		{D14FFB99-9DD9-450F-A4BA-4A43A9A964A6}.Debug|Any CPU.Build.0 = Debug|Any CPU
		{D14FFB99-9DD9-450F-A4BA-4A43A9A964A6}.Release|Any CPU.ActiveCfg = Release|Any CPU
		{D14FFB99-9DD9-450F-A4BA-4A43A9A964A6}.Release|Any CPU.Build.0 = Release|Any CPU
	EndGlobalSection
	GlobalSection(SolutionProperties) = preSolution
		HideSolutionNode = FALSE
	EndGlobalSection
	GlobalSection(ExtensibilityGlobals) = postSolution
		SolutionGuid = {AD3B5B80-57BA-4CFB-A626-644931C56D1B}
	EndGlobalSection
EndGlobal
